<?xml version="1.0" encoding="utf-8"?>
<Project ToolsVersion="4.0" xmlns="http://schemas.microsoft.com/developer/msbuild/2003">
  <ItemGroup>
    <Filter Include="Header Files">
      <UniqueIdentifier>{93995380-89BD-4b04-88EB-625FBE52EBFB}</UniqueIdentifier>
      <Extensions>h;hh;hpp;hxx;hm;inl;inc;xsd</Extensions>
    </Filter>
    <Filter Include="Source Files">
      <UniqueIdentifier>{4FC737F1-C7A5-4376-A066-2A32D752A2FF}</UniqueIdentifier>
      <Extensions>cpp;c;cc;cxx;def;odl;idl;hpj;bat;asm;asmx</Extensions>
    </Filter>
    <Filter Include="Header Files\Policy">
      <UniqueIdentifier>{9416fb1e-9215-4d2c-b4c8-a6173eaefaac}</UniqueIdentifier>
    </Filter>
    <Filter Include="Header Files\Algorithm">
      <UniqueIdentifier>{1e8ca234-da95-4b15-b314-b19b7700d2fe}</UniqueIdentifier>
    </Filter>
    <Filter Include="Header Files\Pattern Matching">
      <UniqueIdentifier>{5969dac9-d11f-4e43-8e9e-9777eeeb5e1d}</UniqueIdentifier>
    </Filter>
  </ItemGroup>
  <ItemGroup>
    <ClInclude Include="include\Game.h">
      <Filter>Header Files</Filter>
    </ClInclude>
    <ClInclude Include="include\MCTS.h">
      <Filter>Header Files</Filter>
    </ClInclude>
    <ClInclude Include="include\policies\PoolRAVE.h">
      <Filter>Header Files\Policy</Filter>
    </ClInclude>
    <ClInclude Include="include\policies\Traditional.h">
      <Filter>Header Files\Policy</Filter>
    </ClInclude>
    <ClInclude Include="include\policies\Random.h">
      <Filter>Header Files\Policy</Filter>
    </ClInclude>
    <ClInclude Include="include\algorithms\Heuristic.hpp">
      <Filter>Header Files\Algorithm</Filter>
    </ClInclude>
    <ClInclude Include="include\algorithms\MonteCarlo.hpp">
      <Filter>Header Files\Algorithm</Filter>
    </ClInclude>
    <ClInclude Include="include\algorithms\Statistical.hpp">
      <Filter>Header Files\Algorithm</Filter>
    </ClInclude>
    <ClInclude Include="include\Pattern.h">
      <Filter>Header Files\Pattern Matching</Filter>
    </ClInclude>
    <ClInclude Include="include\Mapping.h">
      <Filter>Header Files</Filter>
    </ClInclude>
    <ClInclude Include="src\utils\ACAutomata.h">
      <Filter>Header Files\Pattern Matching</Filter>
    </ClInclude>
    <ClInclude Include="src\utils\Persistence.h">
      <Filter>Header Files</Filter>
    </ClInclude>
  </ItemGroup>
  <ItemGroup>
    <ClCompile Include="src\Game.cpp">
      <Filter>Source Files</Filter>
    </ClCompile>
    <ClCompile Include="src\MCTS.cpp">
      <Filter>Source Files</Filter>
    </ClCompile>
    <ClCompile Include="src\Pattern.cpp">
      <Filter>Source Files</Filter>
    </ClCompile>
    <ClCompile Include="src\Mapping.cpp">
      <Filter>Source Files</Filter>
    </ClCompile>
    <ClCompile Include="src\utils\ACAutomata.cpp">
      <Filter>Source Files</Filter>
    </ClCompile>
    <ClCompile Include="src\utils\Persistence.cpp">
      <Filter>Source Files</Filter>
    </ClCompile>
  </ItemGroup>
</Project>